
Microsoft Visual Studio Solution File, Format Version 12.00
# Visual Studio Version 17
VisualStudioVersion = 17.5.002.0
MinimumVisualStudioVersion = 10.0.40219.1
Project("{9A19103F-16F7-4668-BE54-9A1E7A4F7556}") = "ExempleVSCode", "ExempleVSCode\ExempleVSCode.csproj", "{0825067D-33E2-4C47-B55D-062789F6DC06}"
EndProject
Project("{FAE04EC0-301F-11D3-BF4B-00C04F79EFBC}") = "ExempleVS", "ExempleVS\ExempleVS.csproj", "{59F3CDCD-A4D6-4D22-9D2B-96C28B43AA75}"
EndProject
Global
	GlobalSection(SolutionConfigurationPlatforms) = preSolution
		Debug|Any CPU = Debug|Any CPU
		Release|Any CPU = Release|Any CPU
	EndGlobalSection
	GlobalSection(ProjectConfigurationPlatforms) = postSolution
		{0825067D-33E2-4C47-B55D-062789F6DC06}.Debug|Any CPU.ActiveCfg = Debug|Any CPU
		{0825067D-33E2-4C47-B55D-062789F6DC06}.Debug|Any CPU.Build.0 = Debug|Any CPU
		{0825067D-33E2-4C47-B55D-062789F6DC06}.Release|Any CPU.ActiveCfg = Release|Any CPU
		{0825067D-33E2-4C47-B55D-062789F6DC06}.Release|Any CPU.Build.0 = Release|Any CPU
		{59F3CDCD-A4D6-4D22-9D2B-96C28B43AA75}.Debug|Any CPU.ActiveCfg = Debug|Any CPU
		{59F3CDCD-A4D6-4D22-9D2B-96C28B43AA75}.Debug|Any CPU.Build.0 = Debug|Any CPU
		{59F3CDCD-A4D6-4D22-9D2B-96C28B43AA75}.Release|Any CPU.ActiveCfg = Release|Any CPU
		{59F3CDCD-A4D6-4D22-9D2B-96C28B43AA75}.Release|Any CPU.Build.0 = Release|Any CPU
	EndGlobalSection
	GlobalSection(SolutionProperties) = preSolution
		HideSolutionNode = FALSE
	EndGlobalSection
	GlobalSection(ExtensibilityGlobals) = postSolution
		SolutionGuid = {32C00266-0AB5-46EE-8F7B-C97775A53979}
	EndGlobalSection
EndGlobal
